
Microsoft Visual Studio Solution File, Format Version 12.00
# Visual Studio Version 16
VisualStudioVersion = 16.0.30011.22
MinimumVisualStudioVersion = 10.0.40219.1
Project("{8BC9CEB8-8B4A-11D0-8D11-00A0C91BC942}") = "Trab-GA", "Trab-GA\Trab-GA.vcxproj", "{77BCD6E1-1BE1-43CC-91D9-02A09FD121F7}"
EndProject
Project("{8BC9CEB8-8B4A-11D0-8D11-00A0C91BC942}") = "Exemplo", "Exemplo\Exemplo.vcxproj", "{683F3236-F905-4105-A966-17F9A79EEDBB}"
EndProject
Global
	GlobalSection(SolutionConfigurationPlatforms) = preSolution
		Debug|x64 = Debug|x64
		Debug|x86 = Debug|x86
		Release|x64 = Release|x64
		Release|x86 = Release|x86
	EndGlobalSection
	GlobalSection(ProjectConfigurationPlatforms) = postSolution
		{77BCD6E1-1BE1-43CC-91D9-02A09FD121F7}.Debug|x64.ActiveCfg = Debug|x64
		{77BCD6E1-1BE1-43CC-91D9-02A09FD121F7}.Debug|x64.Build.0 = Debug|x64
		{77BCD6E1-1BE1-43CC-91D9-02A09FD121F7}.Debug|x86.ActiveCfg = Debug|Win32
		{77BCD6E1-1BE1-43CC-91D9-02A09FD121F7}.Debug|x86.Build.0 = Debug|Win32
		{77BCD6E1-1BE1-43CC-91D9-02A09FD121F7}.Release|x64.ActiveCfg = Release|x64
		{77BCD6E1-1BE1-43CC-91D9-02A09FD121F7}.Release|x64.Build.0 = Release|x64
		{77BCD6E1-1BE1-43CC-91D9-02A09FD121F7}.Release|x86.ActiveCfg = Release|Win32
		{77BCD6E1-1BE1-43CC-91D9-02A09FD121F7}.Release|x86.Build.0 = Release|Win32
		{683F3236-F905-4105-A966-17F9A79EEDBB}.Debug|x64.ActiveCfg = Debug|x64
		{683F3236-F905-4105-A966-17F9A79EEDBB}.Debug|x64.Build.0 = Debug|x64
		{683F3236-F905-4105-A966-17F9A79EEDBB}.Debug|x86.ActiveCfg = Debug|Win32
		{683F3236-F905-4105-A966-17F9A79EEDBB}.Debug|x86.Build.0 = Debug|Win32
		{683F3236-F905-4105-A966-17F9A79EEDBB}.Release|x64.ActiveCfg = Release|x64
		{683F3236-F905-4105-A966-17F9A79EEDBB}.Release|x64.Build.0 = Release|x64
		{683F3236-F905-4105-A966-17F9A79EEDBB}.Release|x86.ActiveCfg = Release|Win32
		{683F3236-F905-4105-A966-17F9A79EEDBB}.Release|x86.Build.0 = Release|Win32
	EndGlobalSection
	GlobalSection(SolutionProperties) = preSolution
		HideSolutionNode = FALSE
	EndGlobalSection
	GlobalSection(ExtensibilityGlobals) = postSolution
		SolutionGuid = {C3373644-5ECF-4C6B-9A2E-681AC4A6A179}
	EndGlobalSection
EndGlobal
